{
  "nodes": {
    "nixpkgs": {
      "locked": {
        "lastModified": 1627310163,
        "narHash": "sha256-LlCu6g/10p7Ob+HHh/ZKo4RjZc1u4QldY0ai4/2TDjA=",
        "owner": "NixOS",
        "repo": "nixpkgs",
        "rev": "00d29e34b8c42d792f01179d45071d627761482d",
        "type": "github"
      },
      "original": {
        "owner": "NixOS",
        "repo": "nixpkgs",
        "type": "github"
      }
    },
    "root": {
      "inputs": {
        "nixpkgs": "nixpkgs",
        "utils": "utils"
      }
    },
    "utils": {
      "locked": {
        "lastModified": 1623875721,
        "narHash": "sha256-A8BU7bjS5GirpAUv4QA+QnJ4CceLHkcXdRp4xITDB0s=",
        "owner": "numtide",
        "repo": "flake-utils",
        "rev": "f7e004a55b120c02ecb6219596820fcd32ca8772",
        "type": "github"
      },
      "original": {
        "owner": "numtide",
        "repo": "flake-utils",
        "type": "github"
      }
    }
  },
  "root": "root",
  "version": 7
}
